{
	"name": "mousse",
	"version": "1.0.0",
	"lockfileVersion": 3,
	"requires": true,
	"packages": {
		"": {
			"name": "mousse",
			"version": "1.0.0",
			"license": "ISC",
			"dependencies": {
				"@types/node": "^24.1.0",
				"@types/uuid": "^10.0.0",
				"mime-types": "^3.0.1",
				"path-to-regexp": "^8.2.0",
				"tsc": "^2.0.4",
				"uuid": "^11.0.5",
				"uWebSockets.js": "github:uNetworking/uWebSockets.js#v20.52.0"
			},
			"devDependencies": {
				"@types/mime-types": "^3.0.1"
			}
		},
		"node_modules/@types/mime-types": {
			"version": "3.0.1",
			"resolved": "https://registry.npmjs.org/@types/mime-types/-/mime-types-3.0.1.tgz",
			"integrity": "sha512-xRMsfuQbnRq1Ef+C+RKaENOxXX87Ygl38W1vDfPHRku02TgQr+Qd8iivLtAMcR0KF5/29xlnFihkTlbqFrGOVQ==",
			"dev": true,
			"license": "MIT"
		},
		"node_modules/@types/node": {
			"version": "24.1.0",
			"resolved": "https://registry.npmjs.org/@types/node/-/node-24.1.0.tgz",
			"integrity": "sha512-ut5FthK5moxFKH2T1CUOC6ctR67rQRvvHdFLCD2Ql6KXmMuCrjsSsRI9UsLCm9M18BMwClv4pn327UvB7eeO1w==",
			"license": "MIT",
			"dependencies": {
				"undici-types": "~7.8.0"
			}
		},
		"node_modules/@types/uuid": {
			"version": "10.0.0",
			"resolved": "https://registry.npmjs.org/@types/uuid/-/uuid-10.0.0.tgz",
			"integrity": "sha512-7gqG38EyHgyP1S+7+xomFtL+ZNHcKv6DwNaCZmJmo1vgMugyF3TCnXVg4t1uk89mLNwnLtnY3TpOpCOyp1/xHQ==",
			"license": "MIT"
		},
		"node_modules/mime-db": {
			"version": "1.54.0",
			"resolved": "https://registry.npmjs.org/mime-db/-/mime-db-1.54.0.tgz",
			"integrity": "sha512-aU5EJuIN2WDemCcAp2vFBfp/m4EAhWJnUNSSw0ixs7/kXbd6Pg64EmwJkNdFhB8aWt1sH2CTXrLxo/iAGV3oPQ==",
			"license": "MIT",
			"engines": {
				"node": ">= 0.6"
			}
		},
		"node_modules/mime-types": {
			"version": "3.0.1",
			"resolved": "https://registry.npmjs.org/mime-types/-/mime-types-3.0.1.tgz",
			"integrity": "sha512-xRc4oEhT6eaBpU1XF7AjpOFD+xQmXNB5OVKwp4tqCuBpHLS/ZbBDrc07mYTDqVMg6PfxUjjNp85O6Cd2Z/5HWA==",
			"license": "MIT",
			"dependencies": {
				"mime-db": "^1.54.0"
			},
			"engines": {
				"node": ">= 0.6"
			}
		},
		"node_modules/path-to-regexp": {
			"version": "8.2.0",
			"resolved": "https://registry.npmjs.org/path-to-regexp/-/path-to-regexp-8.2.0.tgz",
			"integrity": "sha512-TdrF7fW9Rphjq4RjrW0Kp2AW0Ahwu9sRGTkS6bvDi0SCwZlEZYmcfDbEsTz8RVk0EHIS/Vd1bv3JhG+1xZuAyQ==",
			"license": "MIT",
			"engines": {
				"node": ">=16"
			}
		},
		"node_modules/tsc": {
			"version": "2.0.4",
			"resolved": "https://registry.npmjs.org/tsc/-/tsc-2.0.4.tgz",
			"integrity": "sha512-fzoSieZI5KKJVBYGvwbVZs/J5za84f2lSTLPYf6AGiIf43tZ3GNrI1QzTLcjtyDDP4aLxd46RTZq1nQxe7+k5Q==",
			"license": "MIT",
			"bin": {
				"tsc": "bin/tsc"
			}
		},
		"node_modules/undici-types": {
			"version": "7.8.0",
			"resolved": "https://registry.npmjs.org/undici-types/-/undici-types-7.8.0.tgz",
			"integrity": "sha512-9UJ2xGDvQ43tYyVMpuHlsgApydB8ZKfVYTsLDhXkFL/6gfkp+U8xTGdh8pMJv1SpZna0zxG1DwsKZsreLbXBxw==",
			"license": "MIT"
		},
		"node_modules/uuid": {
			"version": "11.0.5",
			"resolved": "https://registry.npmjs.org/uuid/-/uuid-11.0.5.tgz",
			"integrity": "sha512-508e6IcKLrhxKdBbcA2b4KQZlLVp2+J5UwQ6F7Drckkc5N9ZJwFa4TgWtsww9UG8fGHbm6gbV19TdM5pQ4GaIA==",
			"funding": [
				"https://github.com/sponsors/broofa",
				"https://github.com/sponsors/ctavan"
			],
			"license": "MIT",
			"bin": {
				"uuid": "dist/esm/bin/uuid"
			}
		},
		"node_modules/uWebSockets.js": {
			"version": "20.52.0",
			"resolved": "git+ssh://git@github.com/uNetworking/uWebSockets.js.git#cfc9a40d8132a34881813cec3d5f8e3a185b3ce3",
			"license": "Apache-2.0"
		}
	}
}
